hash: 2784ebd23ad405e758158d225a349cfecc4d21a4a99b1556cff715d776bd046b
updated: 2019-01-24T00:18:25.391392628+05:30
imports:
- name: github.com/go-sql-driver/mysql
  version: 72cd26f257d44c1114970e19afddcd812016007e
- name: github.com/lib/pq
  version: 4ded0e9383f75c197b3a2aaa6d590ac52df6fd79
  subpackages:
  - oid
- name: github.com/zenazn/goji
  version: 64eb34159fe53473206c2b3e70fe396a639452f2
  subpackages:
  - bind
  - graceful
  - graceful/listener
  - web
  - web/middleware
  - web/mutil
- name: goji.io
  version: 9a575ab427c3664b5d8db472a689b3303a0d73c9
  subpackages:
  - internal
  - pat
  - pattern
- name: google.golang.org/appengine
  version: e9657d882bb81064595ca3b56cbe2546bbabf7b1
  subpackages:
  - cloudsql
testImports: []
